
Microsoft Visual Studio Solution File, Format Version 12.00
# Visual Studio 15
VisualStudioVersion = 15.0.28307.645
MinimumVisualStudioVersion = 10.0.40219.1
Project("{FAE04EC0-301F-11D3-BF4B-00C04F79EFBC}") = "SalesWebApp", "SalesWebApp\SalesWebApp.csproj", "{15FFE521-C377-4A14-8670-2B838C4D9964}"
EndProject
Global
	GlobalSection(SolutionConfigurationPlatforms) = preSolution
		Debug|Any CPU = Debug|Any CPU
		Release|Any CPU = Release|Any CPU
	EndGlobalSection
	GlobalSection(ProjectConfigurationPlatforms) = postSolution
		{15FFE521-C377-4A14-8670-2B838C4D9964}.Debug|Any CPU.ActiveCfg = Debug|Any CPU
		{15FFE521-C377-4A14-8670-2B838C4D9964}.Debug|Any CPU.Build.0 = Debug|Any CPU
		{15FFE521-C377-4A14-8670-2B838C4D9964}.Release|Any CPU.ActiveCfg = Release|Any CPU
		{15FFE521-C377-4A14-8670-2B838C4D9964}.Release|Any CPU.Build.0 = Release|Any CPU
	EndGlobalSection
	GlobalSection(SolutionProperties) = preSolution
		HideSolutionNode = FALSE
	EndGlobalSection
	GlobalSection(ExtensibilityGlobals) = postSolution
		SolutionGuid = {E8C5C36A-FBE1-4C9D-9789-A7C85F610547}
	EndGlobalSection
EndGlobal
